
Microsoft Visual Studio Solution File, Format Version 12.00
# Visual Studio Version 16
VisualStudioVersion = 25.0.1706.14
MinimumVisualStudioVersion = 10.0.40219.1
Project("{FAE04EC0-301F-11D3-BF4B-00C04F79EFBC}") = "mobilna.Android", "mobilna\mobilna.Android\mobilna.Android.csproj", "{BDE248D4-C13E-4D62-B363-07072687387D}"
EndProject
Project("{FAE04EC0-301F-11D3-BF4B-00C04F79EFBC}") = "mobilna", "mobilna\mobilna\mobilna.csproj", "{B4753012-A532-4C4A-A7D3-E304B7D509C8}"
EndProject
Global
	GlobalSection(SolutionConfigurationPlatforms) = preSolution
		Debug|Any CPU = Debug|Any CPU
		Release|Any CPU = Release|Any CPU
	EndGlobalSection
	GlobalSection(ProjectConfigurationPlatforms) = postSolution
		{BDE248D4-C13E-4D62-B363-07072687387D}.Debug|Any CPU.ActiveCfg = Debug|Any CPU
		{BDE248D4-C13E-4D62-B363-07072687387D}.Debug|Any CPU.Build.0 = Debug|Any CPU
		{BDE248D4-C13E-4D62-B363-07072687387D}.Release|Any CPU.ActiveCfg = Release|Any CPU
		{BDE248D4-C13E-4D62-B363-07072687387D}.Release|Any CPU.Build.0 = Release|Any CPU
		{B4753012-A532-4C4A-A7D3-E304B7D509C8}.Debug|Any CPU.ActiveCfg = Debug|Any CPU
		{B4753012-A532-4C4A-A7D3-E304B7D509C8}.Debug|Any CPU.Build.0 = Debug|Any CPU
		{B4753012-A532-4C4A-A7D3-E304B7D509C8}.Release|Any CPU.ActiveCfg = Release|Any CPU
		{B4753012-A532-4C4A-A7D3-E304B7D509C8}.Release|Any CPU.Build.0 = Release|Any CPU
	EndGlobalSection
	GlobalSection(SolutionProperties) = preSolution
		HideSolutionNode = FALSE
	EndGlobalSection
	GlobalSection(ExtensibilityGlobals) = postSolution
		SolutionGuid = {380EC28D-83D7-4E22-9640-0F5FD64DECE3}
	EndGlobalSection
EndGlobal
